
Microsoft Visual Studio Solution File, Format Version 12.00
# Visual Studio 15
VisualStudioVersion = 15.0.28307.168
MinimumVisualStudioVersion = 10.0.40219.1
Project("{FAE04EC0-301F-11D3-BF4B-00C04F79EFBC}") = "TestNGIntegrationDemo", "TestNGIntegrationDemo\TestNGIntegrationDemo.csproj", "{981A6531-2F82-4A51-B905-D6F3C6B9D5B9}"
EndProject
Global
	GlobalSection(SolutionConfigurationPlatforms) = preSolution
		Debug|Any CPU = Debug|Any CPU
		Release|Any CPU = Release|Any CPU
	EndGlobalSection
	GlobalSection(ProjectConfigurationPlatforms) = postSolution
		{981A6531-2F82-4A51-B905-D6F3C6B9D5B9}.Debug|Any CPU.ActiveCfg = Debug|Any CPU
		{981A6531-2F82-4A51-B905-D6F3C6B9D5B9}.Debug|Any CPU.Build.0 = Debug|Any CPU
		{981A6531-2F82-4A51-B905-D6F3C6B9D5B9}.Release|Any CPU.ActiveCfg = Release|Any CPU
		{981A6531-2F82-4A51-B905-D6F3C6B9D5B9}.Release|Any CPU.Build.0 = Release|Any CPU
	EndGlobalSection
	GlobalSection(SolutionProperties) = preSolution
		HideSolutionNode = FALSE
	EndGlobalSection
	GlobalSection(ExtensibilityGlobals) = postSolution
		SolutionGuid = {26AF3009-A526-4874-B2E9-5175F3D4D99D}
	EndGlobalSection
EndGlobal
